// !$*UTF8*$!
{
	archiveVersion = 1;
	classes = {
	};
	objectVersion = 46;
	objects = {

/* Begin PBXBuildFile section */
		01830DA01D8C3ADA00D9579C /* Meal.swift in Sources */ = {isa = PBXBuildFile; fileRef = 01830D9F1D8C3ADA00D9579C /* Meal.swift */; };
		01830DA81D8C3D3A00D9579C /* RecipeRaterTests.swift in Sources */ = {isa = PBXBuildFile; fileRef = 01830DA71D8C3D3A00D9579C /* RecipeRaterTests.swift */; };
		01830DB01D8C429400D9579C /* MealTableViewCell.swift in Sources */ = {isa = PBXBuildFile; fileRef = 01830DAF1D8C429400D9579C /* MealTableViewCell.swift */; };
		01830DB31D8C482200D9579C /* MealTableViewController.swift in Sources */ = {isa = PBXBuildFile; fileRef = 01830DB11D8C482200D9579C /* MealTableViewController.swift */; };
		01830DB41D8C482200D9579C /* MealTableViewController.xib in Resources */ = {isa = PBXBuildFile; fileRef = 01830DB21D8C482200D9579C /* MealTableViewController.xib */; };
		01B938EF1D8B2A47001E8708 /* RatingControl.swift in Sources */ = {isa = PBXBuildFile; fileRef = 01B938EE1D8B2A47001E8708 /* RatingControl.swift */; };
		01EE7DBC1D89E556004C3AD1 /* AppDelegate.swift in Sources */ = {isa = PBXBuildFile; fileRef = 01EE7DBB1D89E556004C3AD1 /* AppDelegate.swift */; };
		01EE7DBE1D89E556004C3AD1 /* MealViewController.swift in Sources */ = {isa = PBXBuildFile; fileRef = 01EE7DBD1D89E556004C3AD1 /* MealViewController.swift */; };
		01EE7DC11D89E556004C3AD1 /* Main.storyboard in Resources */ = {isa = PBXBuildFile; fileRef = 01EE7DBF1D89E556004C3AD1 /* Main.storyboard */; };
		01EE7DC31D89E556004C3AD1 /* Assets.xcassets in Resources */ = {isa = PBXBuildFile; fileRef = 01EE7DC21D89E556004C3AD1 /* Assets.xcassets */; };
		01EE7DC61D89E556004C3AD1 /* LaunchScreen.storyboard in Resources */ = {isa = PBXBuildFile; fileRef = 01EE7DC41D89E556004C3AD1 /* LaunchScreen.storyboard */; };
/* End PBXBuildFile section */

/* Begin PBXContainerItemProxy section */
		01830DAA1D8C3D3A00D9579C /* PBXContainerItemProxy */ = {
			isa = PBXContainerItemProxy;
			containerPortal = 01EE7DB01D89E556004C3AD1 /* Project object */;
			proxyType = 1;
			remoteGlobalIDString = 01EE7DB71D89E556004C3AD1;
			remoteInfo = RecipeRater;
		};
/* End PBXContainerItemProxy section */

/* Begin PBXFileReference section */
		01830D9F1D8C3ADA00D9579C /* Meal.swift */ = {isa = PBXFileReference; fileEncoding = 4; lastKnownFileType = sourcecode.swift; path = Meal.swift; sourceTree = "<group>"; };
		01830DA51D8C3D3900D9579C /* RecipeRaterTests.xctest */ = {isa = PBXFileReference; explicitFileType = wrapper.cfbundle; includeInIndex = 0; path = RecipeRaterTests.xctest; sourceTree = BUILT_PRODUCTS_DIR; };
		01830DA71D8C3D3A00D9579C /* RecipeRaterTests.swift */ = {isa = PBXFileReference; lastKnownFileType = sourcecode.swift; path = RecipeRaterTests.swift; sourceTree = "<group>"; };
		01830DA91D8C3D3A00D9579C /* Info.plist */ = {isa = PBXFileReference; lastKnownFileType = text.plist.xml; path = Info.plist; sourceTree = "<group>"; };
		01830DAF1D8C429400D9579C /* MealTableViewCell.swift */ = {isa = PBXFileReference; fileEncoding = 4; lastKnownFileType = sourcecode.swift; path = MealTableViewCell.swift; sourceTree = "<group>"; };
		01830DB11D8C482200D9579C /* MealTableViewController.swift */ = {isa = PBXFileReference; fileEncoding = 4; lastKnownFileType = sourcecode.swift; path = MealTableViewController.swift; sourceTree = "<group>"; };
		01830DB21D8C482200D9579C /* MealTableViewController.xib */ = {isa = PBXFileReference; fileEncoding = 4; lastKnownFileType = file.xib; path = MealTableViewController.xib; sourceTree = "<group>"; };
		01B938EE1D8B2A47001E8708 /* RatingControl.swift */ = {isa = PBXFileReference; fileEncoding = 4; lastKnownFileType = sourcecode.swift; path = RatingControl.swift; sourceTree = "<group>"; };
		01EE7DB81D89E556004C3AD1 /* RecipeRater.app */ = {isa = PBXFileReference; explicitFileType = wrapper.application; includeInIndex = 0; path = RecipeRater.app; sourceTree = BUILT_PRODUCTS_DIR; };
		01EE7DBB1D89E556004C3AD1 /* AppDelegate.swift */ = {isa = PBXFileReference; lastKnownFileType = sourcecode.swift; path = AppDelegate.swift; sourceTree = "<group>"; };
		01EE7DBD1D89E556004C3AD1 /* MealViewController.swift */ = {isa = PBXFileReference; lastKnownFileType = sourcecode.swift; path = MealViewController.swift; sourceTree = "<group>"; };
		01EE7DC01D89E556004C3AD1 /* Base */ = {isa = PBXFileReference; lastKnownFileType = file.storyboard; name = Base; path = Base.lproj/Main.storyboard; sourceTree = "<group>"; };
		01EE7DC21D89E556004C3AD1 /* Assets.xcassets */ = {isa = PBXFileReference; lastKnownFileType = folder.assetcatalog; path = Assets.xcassets; sourceTree = "<group>"; };
		01EE7DC51D89E556004C3AD1 /* Base */ = {isa = PBXFileReference; lastKnownFileType = file.storyboard; name = Base; path = Base.lproj/LaunchScreen.storyboard; sourceTree = "<group>"; };
		01EE7DC71D89E556004C3AD1 /* Info.plist */ = {isa = PBXFileReference; lastKnownFileType = text.plist.xml; path = Info.plist; sourceTree = "<group>"; };
/* End PBXFileReference section */

/* Begin PBXFrameworksBuildPhase section */
		01830DA21D8C3D3900D9579C /* Frameworks */ = {
			isa = PBXFrameworksBuildPhase;
			buildActionMask = 2147483647;
			files = (
			);
			runOnlyForDeploymentPostprocessing = 0;
		};
		01EE7DB51D89E556004C3AD1 /* Frameworks */ = {
			isa = PBXFrameworksBuildPhase;
			buildActionMask = 2147483647;
			files = (
			);
			runOnlyForDeploymentPostprocessing = 0;
		};
/* End PBXFrameworksBuildPhase section */

/* Begin PBXGroup section */
		01830DA61D8C3D3A00D9579C /* RecipeRaterTests */ = {
			isa = PBXGroup;
			children = (
				01830DA71D8C3D3A00D9579C /* RecipeRaterTests.swift */,
				01830DA91D8C3D3A00D9579C /* Info.plist */,
			);
			path = RecipeRaterTests;
			sourceTree = "<group>";
		};
		01EE7DAF1D89E556004C3AD1 = {
			isa = PBXGroup;
			children = (
				01EE7DBA1D89E556004C3AD1 /* RecipeRater */,
				01830DA61D8C3D3A00D9579C /* RecipeRaterTests */,
				01EE7DB91D89E556004C3AD1 /* Products */,
			);
			sourceTree = "<group>";
		};
		01EE7DB91D89E556004C3AD1 /* Products */ = {
			isa = PBXGroup;
			children = (
				01EE7DB81D89E556004C3AD1 /* RecipeRater.app */,
				01830DA51D8C3D3900D9579C /* RecipeRaterTests.xctest */,
			);
			name = Products;
			sourceTree = "<group>";
		};
		01EE7DBA1D89E556004C3AD1 /* RecipeRater */ = {
			isa = PBXGroup;
			children = (
				01EE7DBB1D89E556004C3AD1 /* AppDelegate.swift */,
				01830DAF1D8C429400D9579C /* MealTableViewCell.swift */,
				01830D9F1D8C3ADA00D9579C /* Meal.swift */,
				01EE7DBD1D89E556004C3AD1 /* MealViewController.swift */,
				01EE7DBF1D89E556004C3AD1 /* Main.storyboard */,
				01B938EE1D8B2A47001E8708 /* RatingControl.swift */,
				01EE7DC21D89E556004C3AD1 /* Assets.xcassets */,
				01EE7DC41D89E556004C3AD1 /* LaunchScreen.storyboard */,
				01EE7DC71D89E556004C3AD1 /* Info.plist */,
				01830DB11D8C482200D9579C /* MealTableViewController.swift */,
				01830DB21D8C482200D9579C /* MealTableViewController.xib */,
			);
			path = RecipeRater;
			sourceTree = "<group>";
		};
/* End PBXGroup section */

/* Begin PBXNativeTarget section */
		01830DA41D8C3D3900D9579C /* RecipeRaterTests */ = {
			isa = PBXNativeTarget;
			buildConfigurationList = 01830DAC1D8C3D3A00D9579C /* Build configuration list for PBXNativeTarget "RecipeRaterTests" */;
			buildPhases = (
				01830DA11D8C3D3900D9579C /* Sources */,
				01830DA21D8C3D3900D9579C /* Frameworks */,
				01830DA31D8C3D3900D9579C /* Resources */,
			);
			buildRules = (
			);
			dependencies = (
				01830DAB1D8C3D3A00D9579C /* PBXTargetDependency */,
			);
			name = RecipeRaterTests;
			productName = RecipeRaterTests;
			productReference = 01830DA51D8C3D3900D9579C /* RecipeRaterTests.xctest */;
			productType = "com.apple.product-type.bundle.unit-test";
		};
		01EE7DB71D89E556004C3AD1 /* RecipeRater */ = {
			isa = PBXNativeTarget;
			buildConfigurationList = 01EE7DCA1D89E556004C3AD1 /* Build configuration list for PBXNativeTarget "RecipeRater" */;
			buildPhases = (
				01EE7DB41D89E556004C3AD1 /* Sources */,
				01EE7DB51D89E556004C3AD1 /* Frameworks */,
				01EE7DB61D89E556004C3AD1 /* Resources */,
			);
			buildRules = (
			);
			dependencies = (
			);
			name = RecipeRater;
			productName = RecipeRater;
			productReference = 01EE7DB81D89E556004C3AD1 /* RecipeRater.app */;
			productType = "com.apple.product-type.application";
		};
/* End PBXNativeTarget section */

/* Begin PBXProject section */
		01EE7DB01D89E556004C3AD1 /* Project object */ = {
			isa = PBXProject;
			attributes = {
				LastSwiftUpdateCheck = 0730;
				LastUpgradeCheck = 0800;
				ORGANIZATIONNAME = Guild/SA;
				TargetAttributes = {
					01830DA41D8C3D3900D9579C = {
						CreatedOnToolsVersion = 7.3;
						DevelopmentTeam = SKJ49N4758;
						LastSwiftMigration = 0800;
						TestTargetID = 01EE7DB71D89E556004C3AD1;
					};
					01EE7DB71D89E556004C3AD1 = {
						CreatedOnToolsVersion = 7.3;
						DevelopmentTeam = SKJ49N4758;
						LastSwiftMigration = 0800;
					};
				};
			};
			buildConfigurationList = 01EE7DB31D89E556004C3AD1 /* Build configuration list for PBXProject "RecipeRater" */;
			compatibilityVersion = "Xcode 3.2";
			developmentRegion = English;
			hasScannedForEncodings = 0;
			knownRegions = (
				en,
				Base,
			);
			mainGroup = 01EE7DAF1D89E556004C3AD1;
			productRefGroup = 01EE7DB91D89E556004C3AD1 /* Products */;
			projectDirPath = "";
			projectRoot = "";
			targets = (
				01EE7DB71D89E556004C3AD1 /* RecipeRater */,
				01830DA41D8C3D3900D9579C /* RecipeRaterTests */,
			);
		};
/* End PBXProject section */

/* Begin PBXResourcesBuildPhase section */
		01830DA31D8C3D3900D9579C /* Resources */ = {
			isa = PBXResourcesBuildPhase;
			buildActionMask = 2147483647;
			files = (
			);
			runOnlyForDeploymentPostprocessing = 0;
		};
		01EE7DB61D89E556004C3AD1 /* Resources */ = {
			isa = PBXResourcesBuildPhase;
			buildActionMask = 2147483647;
			files = (
				01EE7DC61D89E556004C3AD1 /* LaunchScreen.storyboard in Resources */,
				01EE7DC31D89E556004C3AD1 /* Assets.xcassets in Resources */,
				01830DB41D8C482200D9579C /* MealTableViewController.xib in Resources */,
				01EE7DC11D89E556004C3AD1 /* Main.storyboard in Resources */,
			);
			runOnlyForDeploymentPostprocessing = 0;
		};
/* End PBXResourcesBuildPhase section */

/* Begin PBXSourcesBuildPhase section */
		01830DA11D8C3D3900D9579C /* Sources */ = {
			isa = PBXSourcesBuildPhase;
			buildActionMask = 2147483647;
			files = (
				01830DA81D8C3D3A00D9579C /* RecipeRaterTests.swift in Sources */,
			);
			runOnlyForDeploymentPostprocessing = 0;
		};
		01EE7DB41D89E556004C3AD1 /* Sources */ = {
			isa = PBXSourcesBuildPhase;
			buildActionMask = 2147483647;
			files = (
				01830DA01D8C3ADA00D9579C /* Meal.swift in Sources */,
				01EE7DBE1D89E556004C3AD1 /* MealViewController.swift in Sources */,
				01B938EF1D8B2A47001E8708 /* RatingControl.swift in Sources */,
				01EE7DBC1D89E556004C3AD1 /* AppDelegate.swift in Sources */,
				01830DB31D8C482200D9579C /* MealTableViewController.swift in Sources */,
				01830DB01D8C429400D9579C /* MealTableViewCell.swift in Sources */,
			);
			runOnlyForDeploymentPostprocessing = 0;
		};
/* End PBXSourcesBuildPhase section */

/* Begin PBXTargetDependency section */
		01830DAB1D8C3D3A00D9579C /* PBXTargetDependency */ = {
			isa = PBXTargetDependency;
			target = 01EE7DB71D89E556004C3AD1 /* RecipeRater */;
			targetProxy = 01830DAA1D8C3D3A00D9579C /* PBXContainerItemProxy */;
		};
/* End PBXTargetDependency section */

/* Begin PBXVariantGroup section */
		01EE7DBF1D89E556004C3AD1 /* Main.storyboard */ = {
			isa = PBXVariantGroup;
			children = (
				01EE7DC01D89E556004C3AD1 /* Base */,
			);
			name = Main.storyboard;
			sourceTree = "<group>";
		};
		01EE7DC41D89E556004C3AD1 /* LaunchScreen.storyboard */ = {
			isa = PBXVariantGroup;
			children = (
				01EE7DC51D89E556004C3AD1 /* Base */,
			);
			name = LaunchScreen.storyboard;
			sourceTree = "<group>";
		};
/* End PBXVariantGroup section */

/* Begin XCBuildConfiguration section */
		01830DAD1D8C3D3A00D9579C /* Debug */ = {
			isa = XCBuildConfiguration;
			buildSettings = {
				BUNDLE_LOADER = "$(TEST_HOST)";
				INFOPLIST_FILE = RecipeRaterTests/Info.plist;
				LD_RUNPATH_SEARCH_PATHS = "$(inherited) @executable_path/Frameworks @loader_path/Frameworks";
				PRODUCT_BUNDLE_IDENTIFIER = org.guildsa.RecipeRaterTests;
				PRODUCT_NAME = "$(TARGET_NAME)";
				SWIFT_VERSION = 3.0;
				TEST_HOST = "$(BUILT_PRODUCTS_DIR)/RecipeRater.app/RecipeRater";
			};
			name = Debug;
		};
		01830DAE1D8C3D3A00D9579C /* Release */ = {
			isa = XCBuildConfiguration;
			buildSettings = {
				BUNDLE_LOADER = "$(TEST_HOST)";
				INFOPLIST_FILE = RecipeRaterTests/Info.plist;
				LD_RUNPATH_SEARCH_PATHS = "$(inherited) @executable_path/Frameworks @loader_path/Frameworks";
				PRODUCT_BUNDLE_IDENTIFIER = org.guildsa.RecipeRaterTests;
				PRODUCT_NAME = "$(TARGET_NAME)";
				SWIFT_VERSION = 3.0;
				TEST_HOST = "$(BUILT_PRODUCTS_DIR)/RecipeRater.app/RecipeRater";
			};
			name = Release;
		};
		01EE7DC81D89E556004C3AD1 /* Debug */ = {
			isa = XCBuildConfiguration;
			buildSettings = {
				ALWAYS_SEARCH_USER_PATHS = NO;
				CLANG_ANALYZER_NONNULL = YES;
				CLANG_CXX_LANGUAGE_STANDARD = "gnu++0x";
				CLANG_CXX_LIBRARY = "libc++";
				CLANG_ENABLE_MODULES = YES;
				CLANG_ENABLE_OBJC_ARC = YES;
				CLANG_WARN_BOOL_CONVERSION = YES;
				CLANG_WARN_CONSTANT_CONVERSION = YES;
				CLANG_WARN_DIRECT_OBJC_ISA_USAGE = YES_ERROR;
				CLANG_WARN_EMPTY_BODY = YES;
				CLANG_WARN_ENUM_CONVERSION = YES;
				CLANG_WARN_INFINITE_RECURSION = YES;
				CLANG_WARN_INT_CONVERSION = YES;
				CLANG_WARN_OBJC_ROOT_CLASS = YES_ERROR;
				CLANG_WARN_SUSPICIOUS_MOVE = YES;
				CLANG_WARN_UNREACHABLE_CODE = YES;
				CLANG_WARN__DUPLICATE_METHOD_MATCH = YES;
				"CODE_SIGN_IDENTITY[sdk=iphoneos*]" = "iPhone Developer";
				COPY_PHASE_STRIP = NO;
				DEBUG_INFORMATION_FORMAT = dwarf;
				ENABLE_STRICT_OBJC_MSGSEND = YES;
				ENABLE_TESTABILITY = YES;
				GCC_C_LANGUAGE_STANDARD = gnu99;
				GCC_DYNAMIC_NO_PIC = NO;
				GCC_NO_COMMON_BLOCKS = YES;
				GCC_OPTIMIZATION_LEVEL = 0;
				GCC_PREPROCESSOR_DEFINITIONS = (
					"DEBUG=1",
					"$(inherited)",
				);
				GCC_WARN_64_TO_32_BIT_CONVERSION = YES;
				GCC_WARN_ABOUT_RETURN_TYPE = YES_ERROR;
				GCC_WARN_UNDECLARED_SELECTOR = YES;
				GCC_WARN_UNINITIALIZED_AUTOS = YES_AGGRESSIVE;
				GCC_WARN_UNUSED_FUNCTION = YES;
				GCC_WARN_UNUSED_VARIABLE = YES;
				IPHONEOS_DEPLOYMENT_TARGET = 9.3;
				MTL_ENABLE_DEBUG_INFO = YES;
				ONLY_ACTIVE_ARCH = YES;
				SDKROOT = iphoneos;
				SWIFT_OPTIMIZATION_LEVEL = "-Onone";
				TARGETED_DEVICE_FAMILY = "1,2";
			};
			name = Debug;
		};
		01EE7DC91D89E556004C3AD1 /* Release */ = {
			isa = XCBuildConfiguration;
			buildSettings = {
				ALWAYS_SEARCH_USER_PATHS = NO;
				CLANG_ANALYZER_NONNULL = YES;
				CLANG_CXX_LANGUAGE_STANDARD = "gnu++0x";
				CLANG_CXX_LIBRARY = "libc++";
				CLANG_ENABLE_MODULES = YES;
				CLANG_ENABLE_OBJC_ARC = YES;
				CLANG_WARN_BOOL_CONVERSION = YES;
				CLANG_WARN_CONSTANT_CONVERSION = YES;
				CLANG_WARN_DIRECT_OBJC_ISA_USAGE = YES_ERROR;
				CLANG_WARN_EMPTY_BODY = YES;
				CLANG_WARN_ENUM_CONVERSION = YES;
				CLANG_WARN_INFINITE_RECURSION = YES;
				CLANG_WARN_INT_CONVERSION = YES;
				CLANG_WARN_OBJC_ROOT_CLASS = YES_ERROR;
				CLANG_WARN_SUSPICIOUS_MOVE = YES;
				CLANG_WARN_UNREACHABLE_CODE = YES;
				CLANG_WARN__DUPLICATE_METHOD_MATCH = YES;
				"CODE_SIGN_IDENTITY[sdk=iphoneos*]" = "iPhone Developer";
				COPY_PHASE_STRIP = NO;
				DEBUG_INFORMATION_FORMAT = "dwarf-with-dsym";
				ENABLE_NS_ASSERTIONS = NO;
				ENABLE_STRICT_OBJC_MSGSEND = YES;
				GCC_C_LANGUAGE_STANDARD = gnu99;
				GCC_NO_COMMON_BLOCKS = YES;
				GCC_WARN_64_TO_32_BIT_CONVERSION = YES;
				GCC_WARN_ABOUT_RETURN_TYPE = YES_ERROR;
				GCC_WARN_UNDECLARED_SELECTOR = YES;
				GCC_WARN_UNINITIALIZED_AUTOS = YES_AGGRESSIVE;
				GCC_WARN_UNUSED_FUNCTION = YES;
				GCC_WARN_UNUSED_VARIABLE = YES;
				IPHONEOS_DEPLOYMENT_TARGET = 9.3;
				MTL_ENABLE_DEBUG_INFO = NO;
				SDKROOT = iphoneos;
				SWIFT_OPTIMIZATION_LEVEL = "-Owholemodule";
				TARGETED_DEVICE_FAMILY = "1,2";
				VALIDATE_PRODUCT = YES;
			};
			name = Release;
		};
		01EE7DCB1D89E556004C3AD1 /* Debug */ = {
			isa = XCBuildConfiguration;
			buildSettings = {
				ASSETCATALOG_COMPILER_APPICON_NAME = AppIcon;
				INFOPLIST_FILE = RecipeRater/Info.plist;
				LD_RUNPATH_SEARCH_PATHS = "$(inherited) @executable_path/Frameworks";
				PRODUCT_BUNDLE_IDENTIFIER = org.guildsa.RecipeRater;
				PRODUCT_NAME = "$(TARGET_NAME)";
				SWIFT_VERSION = 3.0;
			};
			name = Debug;
		};
		01EE7DCC1D89E556004C3AD1 /* Release */ = {
			isa = XCBuildConfiguration;
			buildSettings = {
				ASSETCATALOG_COMPILER_APPICON_NAME = AppIcon;
				INFOPLIST_FILE = RecipeRater/Info.plist;
				LD_RUNPATH_SEARCH_PATHS = "$(inherited) @executable_path/Frameworks";
				PRODUCT_BUNDLE_IDENTIFIER = org.guildsa.RecipeRater;
				PRODUCT_NAME = "$(TARGET_NAME)";
				SWIFT_VERSION = 3.0;
			};
			name = Release;
		};
/* End XCBuildConfiguration section */

/* Begin XCConfigurationList section */
		01830DAC1D8C3D3A00D9579C /* Build configuration list for PBXNativeTarget "RecipeRaterTests" */ = {
			isa = XCConfigurationList;
			buildConfigurations = (
				01830DAD1D8C3D3A00D9579C /* Debug */,
				01830DAE1D8C3D3A00D9579C /* Release */,
			);
			defaultConfigurationIsVisible = 0;
			defaultConfigurationName = Release;
		};
		01EE7DB31D89E556004C3AD1 /* Build configuration list for PBXProject "RecipeRater" */ = {
			isa = XCConfigurationList;
			buildConfigurations = (
				01EE7DC81D89E556004C3AD1 /* Debug */,
				01EE7DC91D89E556004C3AD1 /* Release */,
			);
			defaultConfigurationIsVisible = 0;
			defaultConfigurationName = Release;
		};
		01EE7DCA1D89E556004C3AD1 /* Build configuration list for PBXNativeTarget "RecipeRater" */ = {
			isa = XCConfigurationList;
			buildConfigurations = (
				01EE7DCB1D89E556004C3AD1 /* Debug */,
				01EE7DCC1D89E556004C3AD1 /* Release */,
			);
			defaultConfigurationIsVisible = 0;
			defaultConfigurationName = Release;
		};
/* End XCConfigurationList section */
	};
	rootObject = 01EE7DB01D89E556004C3AD1 /* Project object */;
}
